<?xml version="1.0" encoding="UTF-8"?>
<Scheme
   LastUpgradeVersion = "1640"
   version = "1.7">
   <BuildAction
      parallelizeBuildables = "YES"
      buildImplicitDependencies = "YES"
      buildArchitectures = "Automatic">
      <BuildActionEntries>
         <BuildActionEntry
            buildForTesting = "YES"
            buildForRunning = "YES"
            buildForProfiling = "YES"
            buildForArchiving = "YES"
            buildForAnalyzing = "YES">
            <BuildableReference
               BuildableIdentifier = "primary"
               BlueprintIdentifier = "ACEE33092E8CEDB0003179DA"
               BuildableName = "ZephyrOS Executor.app"
               BlueprintName = "ZephyrOS Executor"
               ReferencedContainer = "container:ZephyrOS Executor.xcodeproj">
            </BuildableReference>
         </BuildActionEntry>
      </BuildActionEntries>
   </BuildAction>
   <TestAction
      buildConfiguration = "Debug"
      selectedDebuggerIdentifier = "Xcode.DebuggerFoundation.Debugger.LLDB"
      selectedLauncherIdentifier = "Xcode.DebuggerFoundation.Launcher.LLDB"
      shouldUseLaunchSchemeArgsEnv = "YES"
      shouldAutocreateTestPlan = "YES">
      <Testables>
         <TestableReference
            skipped = "NO"
            parallelizable = "YES">
            <BuildableReference
               BuildableIdentifier = "primary"
               BlueprintIdentifier = "ACEE33192E8CEDB3003179DA"
               BuildableName = "ZephyrOS ExecutorTests.xctest"
               BlueprintName = "ZephyrOS ExecutorTests"
               ReferencedContainer = "container:ZephyrOS Executor.xcodeproj">
            </BuildableReference>
         </TestableReference>
         <TestableReference
            skipped = "NO"
            parallelizable = "YES">
            <BuildableReference
               BuildableIdentifier = "primary"
               BlueprintIdentifier = "ACEE33232E8CEDB3003179DA"
               BuildableName = "ZephyrOS ExecutorUITests.xctest"
               BlueprintName = "ZephyrOS ExecutorUITests"
               ReferencedContainer = "container:ZephyrOS Executor.xcodeproj">
            </BuildableReference>
         </TestableReference>
      </Testables>
   </TestAction>
   <LaunchAction
      buildConfiguration = "Debug"
      selectedDebuggerIdentifier = "Xcode.DebuggerFoundation.Debugger.LLDB"
      selectedLauncherIdentifier = "Xcode.DebuggerFoundation.Launcher.LLDB"
      launchStyle = "0"
      useCustomWorkingDirectory = "NO"
      ignoresPersistentStateOnLaunch = "NO"
      debugDocumentVersioning = "YES"
      debugServiceExtension = "internal"
      allowLocationSimulation = "YES">
      <BuildableProductRunnable
         runnableDebuggingMode = "0">
         <BuildableReference
            BuildableIdentifier = "primary"
            BlueprintIdentifier = "ACEE33092E8CEDB0003179DA"
            BuildableName = "ZephyrOS Executor.app"
            BlueprintName = "ZephyrOS Executor"
            ReferencedContainer = "container:ZephyrOS Executor.xcodeproj">
         </BuildableReference>
      </BuildableProductRunnable>
      <EnvironmentVariables>
         <EnvironmentVariable
            key = "GOOGLE_CLIENT_ID"
            value = "997583629624-1ssju7ujep4qub497b8v0s4q6h4bdjr4.apps.googleusercontent.com"
            isEnabled = "YES">
         </EnvironmentVariable>
         <EnvironmentVariable
            key = "GOOGLE_REDIRECT_URI"
            value = "com.googleusercontent.apps.997583629624-1ssju7ujep4qub497b8v0s4q6h4bdjr4:/oauth/callback"
            isEnabled = "YES">
         </EnvironmentVariable>
         <EnvironmentVariable
            key = "ZMEMORY_API_URL"
            value = "https://zmemory.vercel.app"
            isEnabled = "YES">
         </EnvironmentVariable>
         <EnvironmentVariable
            key = "ZMEMORY_API_KEY"
            value = "eyJhbGciOiJIUzI1NiIsInR5cCI6IkpXVCJ9.eyJpc3MiOiJzdXBhYmFzZSIsInJlZiI6ImZ4anN3Z2FpYnNmY2lpYnp2YnhlIiwicm9sZSI6InNlcnZpY2Vfcm9sZSIsImlhdCI6MTc1NDExMzU0MSwiZXhwIjoyMDY5Njg5NTQxfQ.LC7V6BwbpUeSKiH2A16l2szRRemsO_LmH_r4ZJZUqDY"
            isEnabled = "YES">
         </EnvironmentVariable>
      </EnvironmentVariables>
   </LaunchAction>
   <ProfileAction
      buildConfiguration = "Release"
      shouldUseLaunchSchemeArgsEnv = "YES"
      savedToolIdentifier = ""
      useCustomWorkingDirectory = "NO"
      debugDocumentVersioning = "YES">
      <BuildableProductRunnable
         runnableDebuggingMode = "0">
         <BuildableReference
            BuildableIdentifier = "primary"
            BlueprintIdentifier = "ACEE33092E8CEDB0003179DA"
            BuildableName = "ZephyrOS Executor.app"
            BlueprintName = "ZephyrOS Executor"
            ReferencedContainer = "container:ZephyrOS Executor.xcodeproj">
         </BuildableReference>
      </BuildableProductRunnable>
   </ProfileAction>
   <AnalyzeAction
      buildConfiguration = "Debug">
   </AnalyzeAction>
   <ArchiveAction
      buildConfiguration = "Release"
      revealArchiveInOrganizer = "YES">
   </ArchiveAction>
</Scheme>
